
Microsoft Visual Studio Solution File, Format Version 12.00
# Visual Studio Version 16
VisualStudioVersion = 16.0.28516.95
MinimumVisualStudioVersion = 10.0.40219.1
Project("{FAE04EC0-301F-11D3-BF4B-00C04F79EFBC}") = "NoobsGameOfLife", "NoobsGameOfLife\NoobsGameOfLife.csproj", "{37639416-DB50-4898-8371-AE712B0B3492}"
EndProject
Project("{FAE04EC0-301F-11D3-BF4B-00C04F79EFBC}") = "NoobsGameOfLife.Core", "NoobsGameOfLife.Core\NoobsGameOfLife.Core.csproj", "{52A52D19-D794-41E0-92E4-F533FF464BC0}"
EndProject
Global
	GlobalSection(SolutionConfigurationPlatforms) = preSolution
		Debug|Any CPU = Debug|Any CPU
		Release|Any CPU = Release|Any CPU
	EndGlobalSection
	GlobalSection(ProjectConfigurationPlatforms) = postSolution
		{37639416-DB50-4898-8371-AE712B0B3492}.Debug|Any CPU.ActiveCfg = Debug|Any CPU
		{37639416-DB50-4898-8371-AE712B0B3492}.Debug|Any CPU.Build.0 = Debug|Any CPU
		{37639416-DB50-4898-8371-AE712B0B3492}.Release|Any CPU.ActiveCfg = Release|Any CPU
		{37639416-DB50-4898-8371-AE712B0B3492}.Release|Any CPU.Build.0 = Release|Any CPU
		{52A52D19-D794-41E0-92E4-F533FF464BC0}.Debug|Any CPU.ActiveCfg = Debug|Any CPU
		{52A52D19-D794-41E0-92E4-F533FF464BC0}.Debug|Any CPU.Build.0 = Debug|Any CPU
		{52A52D19-D794-41E0-92E4-F533FF464BC0}.Release|Any CPU.ActiveCfg = Release|Any CPU
		{52A52D19-D794-41E0-92E4-F533FF464BC0}.Release|Any CPU.Build.0 = Release|Any CPU
	EndGlobalSection
	GlobalSection(SolutionProperties) = preSolution
		HideSolutionNode = FALSE
	EndGlobalSection
	GlobalSection(ExtensibilityGlobals) = postSolution
		SolutionGuid = {C93EBD66-EF0B-4715-B9A8-C569FFAECEF0}
	EndGlobalSection
EndGlobal
